
Microsoft Visual Studio Solution File, Format Version 12.00
# Visual Studio 15
VisualStudioVersion = 15.0.28307.645
MinimumVisualStudioVersion = 10.0.40219.1
Project("{FAE04EC0-301F-11D3-BF4B-00C04F79EFBC}") = "ToDoList.Lib.Common", "ToDoList.Lib.Common\ToDoList.Lib.Common.csproj", "{127EA715-2672-46ED-A302-43E1D1ED7AA0}"
EndProject
Project("{FAE04EC0-301F-11D3-BF4B-00C04F79EFBC}") = "ToDoList.Lib.Business", "ToDoList.Lib.Business\ToDoList.Lib.Business.csproj", "{041EDA8D-E761-46C3-AA7B-68DC8030BC3A}"
EndProject
Project("{FAE04EC0-301F-11D3-BF4B-00C04F79EFBC}") = "ToDoList.Lib.Data", "ToDoList.Lib.Data\ToDoList.Lib.Data.csproj", "{E727CF55-D921-45F2-9248-7D1B1EAAAFE3}"
EndProject
Project("{FAE04EC0-301F-11D3-BF4B-00C04F79EFBC}") = "ToDoList.Applications.ApplicationConsole", "ToDoList.Applications.Console\ToDoList.Applications.ApplicationConsole.csproj", "{0E4CB8CE-19D9-480C-9F06-28B6A527CE53}"
EndProject
Project("{FAE04EC0-301F-11D3-BF4B-00C04F79EFBC}") = "ToDoList.Applications.ApplicationWinForms", "ToDoList.Applications.ApplicationWinForms\ToDoList.Applications.ApplicationWinForms.csproj", "{72277C38-87F6-492A-B353-75E67C989612}"
EndProject
Project("{FAE04EC0-301F-11D3-BF4B-00C04F79EFBC}") = "ToDoList.Applications.ApplicationWebApi", "ToDoList.Applications.ApplicationWebApi\ToDoList.Applications.ApplicationWebApi.csproj", "{0A5982B9-4F2B-4733-9445-8D4B3A7C95DF}"
EndProject
Project("{FAE04EC0-301F-11D3-BF4B-00C04F79EFBC}") = "ToDoList.Applications.ApplicationWeb", "ToDoList.Applications.ApplicationWeb\ToDoList.Applications.ApplicationWeb.csproj", "{794C6C42-BBF8-4197-BAA1-9213EE685E25}"
EndProject
Project("{FAE04EC0-301F-11D3-BF4B-00C04F79EFBC}") = "ToDoList.Lib.Common.IoC.Unity", "ToDoList.Lib.Unity\ToDoList.Lib.Common.IoC.Unity.csproj", "{24250955-0A9E-4B19-B0D7-618D3BCF2B69}"
EndProject
Global
	GlobalSection(SolutionConfigurationPlatforms) = preSolution
		Debug|Any CPU = Debug|Any CPU
		Debug|ARM = Debug|ARM
		Debug|ARM64 = Debug|ARM64
		Debug|x64 = Debug|x64
		Debug|x86 = Debug|x86
		Release|Any CPU = Release|Any CPU
		Release|ARM = Release|ARM
		Release|ARM64 = Release|ARM64
		Release|x64 = Release|x64
		Release|x86 = Release|x86
	EndGlobalSection
	GlobalSection(ProjectConfigurationPlatforms) = postSolution
		{127EA715-2672-46ED-A302-43E1D1ED7AA0}.Debug|Any CPU.ActiveCfg = Debug|Any CPU
		{127EA715-2672-46ED-A302-43E1D1ED7AA0}.Debug|Any CPU.Build.0 = Debug|Any CPU
		{127EA715-2672-46ED-A302-43E1D1ED7AA0}.Debug|ARM.ActiveCfg = Debug|Any CPU
		{127EA715-2672-46ED-A302-43E1D1ED7AA0}.Debug|ARM.Build.0 = Debug|Any CPU
		{127EA715-2672-46ED-A302-43E1D1ED7AA0}.Debug|ARM64.ActiveCfg = Debug|Any CPU
		{127EA715-2672-46ED-A302-43E1D1ED7AA0}.Debug|ARM64.Build.0 = Debug|Any CPU
		{127EA715-2672-46ED-A302-43E1D1ED7AA0}.Debug|x64.ActiveCfg = Debug|Any CPU
		{127EA715-2672-46ED-A302-43E1D1ED7AA0}.Debug|x64.Build.0 = Debug|Any CPU
		{127EA715-2672-46ED-A302-43E1D1ED7AA0}.Debug|x86.ActiveCfg = Debug|Any CPU
		{127EA715-2672-46ED-A302-43E1D1ED7AA0}.Debug|x86.Build.0 = Debug|Any CPU
		{127EA715-2672-46ED-A302-43E1D1ED7AA0}.Release|Any CPU.ActiveCfg = Release|Any CPU
		{127EA715-2672-46ED-A302-43E1D1ED7AA0}.Release|Any CPU.Build.0 = Release|Any CPU
		{127EA715-2672-46ED-A302-43E1D1ED7AA0}.Release|ARM.ActiveCfg = Release|Any CPU
		{127EA715-2672-46ED-A302-43E1D1ED7AA0}.Release|ARM.Build.0 = Release|Any CPU
		{127EA715-2672-46ED-A302-43E1D1ED7AA0}.Release|ARM64.ActiveCfg = Release|Any CPU
		{127EA715-2672-46ED-A302-43E1D1ED7AA0}.Release|ARM64.Build.0 = Release|Any CPU
		{127EA715-2672-46ED-A302-43E1D1ED7AA0}.Release|x64.ActiveCfg = Release|Any CPU
		{127EA715-2672-46ED-A302-43E1D1ED7AA0}.Release|x64.Build.0 = Release|Any CPU
		{127EA715-2672-46ED-A302-43E1D1ED7AA0}.Release|x86.ActiveCfg = Release|Any CPU
		{127EA715-2672-46ED-A302-43E1D1ED7AA0}.Release|x86.Build.0 = Release|Any CPU
		{041EDA8D-E761-46C3-AA7B-68DC8030BC3A}.Debug|Any CPU.ActiveCfg = Debug|Any CPU
		{041EDA8D-E761-46C3-AA7B-68DC8030BC3A}.Debug|Any CPU.Build.0 = Debug|Any CPU
		{041EDA8D-E761-46C3-AA7B-68DC8030BC3A}.Debug|ARM.ActiveCfg = Debug|Any CPU
		{041EDA8D-E761-46C3-AA7B-68DC8030BC3A}.Debug|ARM.Build.0 = Debug|Any CPU
		{041EDA8D-E761-46C3-AA7B-68DC8030BC3A}.Debug|ARM64.ActiveCfg = Debug|Any CPU
		{041EDA8D-E761-46C3-AA7B-68DC8030BC3A}.Debug|ARM64.Build.0 = Debug|Any CPU
		{041EDA8D-E761-46C3-AA7B-68DC8030BC3A}.Debug|x64.ActiveCfg = Debug|Any CPU
		{041EDA8D-E761-46C3-AA7B-68DC8030BC3A}.Debug|x64.Build.0 = Debug|Any CPU
		{041EDA8D-E761-46C3-AA7B-68DC8030BC3A}.Debug|x86.ActiveCfg = Debug|Any CPU
		{041EDA8D-E761-46C3-AA7B-68DC8030BC3A}.Debug|x86.Build.0 = Debug|Any CPU
		{041EDA8D-E761-46C3-AA7B-68DC8030BC3A}.Release|Any CPU.ActiveCfg = Release|Any CPU
		{041EDA8D-E761-46C3-AA7B-68DC8030BC3A}.Release|Any CPU.Build.0 = Release|Any CPU
		{041EDA8D-E761-46C3-AA7B-68DC8030BC3A}.Release|ARM.ActiveCfg = Release|Any CPU
		{041EDA8D-E761-46C3-AA7B-68DC8030BC3A}.Release|ARM.Build.0 = Release|Any CPU
		{041EDA8D-E761-46C3-AA7B-68DC8030BC3A}.Release|ARM64.ActiveCfg = Release|Any CPU
		{041EDA8D-E761-46C3-AA7B-68DC8030BC3A}.Release|ARM64.Build.0 = Release|Any CPU
		{041EDA8D-E761-46C3-AA7B-68DC8030BC3A}.Release|x64.ActiveCfg = Release|Any CPU
		{041EDA8D-E761-46C3-AA7B-68DC8030BC3A}.Release|x64.Build.0 = Release|Any CPU
		{041EDA8D-E761-46C3-AA7B-68DC8030BC3A}.Release|x86.ActiveCfg = Release|Any CPU
		{041EDA8D-E761-46C3-AA7B-68DC8030BC3A}.Release|x86.Build.0 = Release|Any CPU
		{E727CF55-D921-45F2-9248-7D1B1EAAAFE3}.Debug|Any CPU.ActiveCfg = Debug|Any CPU
		{E727CF55-D921-45F2-9248-7D1B1EAAAFE3}.Debug|Any CPU.Build.0 = Debug|Any CPU
		{E727CF55-D921-45F2-9248-7D1B1EAAAFE3}.Debug|ARM.ActiveCfg = Debug|Any CPU
		{E727CF55-D921-45F2-9248-7D1B1EAAAFE3}.Debug|ARM.Build.0 = Debug|Any CPU
		{E727CF55-D921-45F2-9248-7D1B1EAAAFE3}.Debug|ARM64.ActiveCfg = Debug|Any CPU
		{E727CF55-D921-45F2-9248-7D1B1EAAAFE3}.Debug|ARM64.Build.0 = Debug|Any CPU
		{E727CF55-D921-45F2-9248-7D1B1EAAAFE3}.Debug|x64.ActiveCfg = Debug|Any CPU
		{E727CF55-D921-45F2-9248-7D1B1EAAAFE3}.Debug|x64.Build.0 = Debug|Any CPU
		{E727CF55-D921-45F2-9248-7D1B1EAAAFE3}.Debug|x86.ActiveCfg = Debug|Any CPU
		{E727CF55-D921-45F2-9248-7D1B1EAAAFE3}.Debug|x86.Build.0 = Debug|Any CPU
		{E727CF55-D921-45F2-9248-7D1B1EAAAFE3}.Release|Any CPU.ActiveCfg = Release|Any CPU
		{E727CF55-D921-45F2-9248-7D1B1EAAAFE3}.Release|Any CPU.Build.0 = Release|Any CPU
		{E727CF55-D921-45F2-9248-7D1B1EAAAFE3}.Release|ARM.ActiveCfg = Release|Any CPU
		{E727CF55-D921-45F2-9248-7D1B1EAAAFE3}.Release|ARM.Build.0 = Release|Any CPU
		{E727CF55-D921-45F2-9248-7D1B1EAAAFE3}.Release|ARM64.ActiveCfg = Release|Any CPU
		{E727CF55-D921-45F2-9248-7D1B1EAAAFE3}.Release|ARM64.Build.0 = Release|Any CPU
		{E727CF55-D921-45F2-9248-7D1B1EAAAFE3}.Release|x64.ActiveCfg = Release|Any CPU
		{E727CF55-D921-45F2-9248-7D1B1EAAAFE3}.Release|x64.Build.0 = Release|Any CPU
		{E727CF55-D921-45F2-9248-7D1B1EAAAFE3}.Release|x86.ActiveCfg = Release|Any CPU
		{E727CF55-D921-45F2-9248-7D1B1EAAAFE3}.Release|x86.Build.0 = Release|Any CPU
		{0E4CB8CE-19D9-480C-9F06-28B6A527CE53}.Debug|Any CPU.ActiveCfg = Debug|Any CPU
		{0E4CB8CE-19D9-480C-9F06-28B6A527CE53}.Debug|Any CPU.Build.0 = Debug|Any CPU
		{0E4CB8CE-19D9-480C-9F06-28B6A527CE53}.Debug|ARM.ActiveCfg = Debug|Any CPU
		{0E4CB8CE-19D9-480C-9F06-28B6A527CE53}.Debug|ARM.Build.0 = Debug|Any CPU
		{0E4CB8CE-19D9-480C-9F06-28B6A527CE53}.Debug|ARM64.ActiveCfg = Debug|Any CPU
		{0E4CB8CE-19D9-480C-9F06-28B6A527CE53}.Debug|ARM64.Build.0 = Debug|Any CPU
		{0E4CB8CE-19D9-480C-9F06-28B6A527CE53}.Debug|x64.ActiveCfg = Debug|Any CPU
		{0E4CB8CE-19D9-480C-9F06-28B6A527CE53}.Debug|x64.Build.0 = Debug|Any CPU
		{0E4CB8CE-19D9-480C-9F06-28B6A527CE53}.Debug|x86.ActiveCfg = Debug|Any CPU
		{0E4CB8CE-19D9-480C-9F06-28B6A527CE53}.Debug|x86.Build.0 = Debug|Any CPU
		{0E4CB8CE-19D9-480C-9F06-28B6A527CE53}.Release|Any CPU.ActiveCfg = Release|Any CPU
		{0E4CB8CE-19D9-480C-9F06-28B6A527CE53}.Release|Any CPU.Build.0 = Release|Any CPU
		{0E4CB8CE-19D9-480C-9F06-28B6A527CE53}.Release|ARM.ActiveCfg = Release|Any CPU
		{0E4CB8CE-19D9-480C-9F06-28B6A527CE53}.Release|ARM.Build.0 = Release|Any CPU
		{0E4CB8CE-19D9-480C-9F06-28B6A527CE53}.Release|ARM64.ActiveCfg = Release|Any CPU
		{0E4CB8CE-19D9-480C-9F06-28B6A527CE53}.Release|ARM64.Build.0 = Release|Any CPU
		{0E4CB8CE-19D9-480C-9F06-28B6A527CE53}.Release|x64.ActiveCfg = Release|Any CPU
		{0E4CB8CE-19D9-480C-9F06-28B6A527CE53}.Release|x64.Build.0 = Release|Any CPU
		{0E4CB8CE-19D9-480C-9F06-28B6A527CE53}.Release|x86.ActiveCfg = Release|Any CPU
		{0E4CB8CE-19D9-480C-9F06-28B6A527CE53}.Release|x86.Build.0 = Release|Any CPU
		{72277C38-87F6-492A-B353-75E67C989612}.Debug|Any CPU.ActiveCfg = Debug|Any CPU
		{72277C38-87F6-492A-B353-75E67C989612}.Debug|Any CPU.Build.0 = Debug|Any CPU
		{72277C38-87F6-492A-B353-75E67C989612}.Debug|ARM.ActiveCfg = Debug|Any CPU
		{72277C38-87F6-492A-B353-75E67C989612}.Debug|ARM.Build.0 = Debug|Any CPU
		{72277C38-87F6-492A-B353-75E67C989612}.Debug|ARM64.ActiveCfg = Debug|Any CPU
		{72277C38-87F6-492A-B353-75E67C989612}.Debug|ARM64.Build.0 = Debug|Any CPU
		{72277C38-87F6-492A-B353-75E67C989612}.Debug|x64.ActiveCfg = Debug|Any CPU
		{72277C38-87F6-492A-B353-75E67C989612}.Debug|x64.Build.0 = Debug|Any CPU
		{72277C38-87F6-492A-B353-75E67C989612}.Debug|x86.ActiveCfg = Debug|Any CPU
		{72277C38-87F6-492A-B353-75E67C989612}.Debug|x86.Build.0 = Debug|Any CPU
		{72277C38-87F6-492A-B353-75E67C989612}.Release|Any CPU.ActiveCfg = Release|Any CPU
		{72277C38-87F6-492A-B353-75E67C989612}.Release|Any CPU.Build.0 = Release|Any CPU
		{72277C38-87F6-492A-B353-75E67C989612}.Release|ARM.ActiveCfg = Release|Any CPU
		{72277C38-87F6-492A-B353-75E67C989612}.Release|ARM.Build.0 = Release|Any CPU
		{72277C38-87F6-492A-B353-75E67C989612}.Release|ARM64.ActiveCfg = Release|Any CPU
		{72277C38-87F6-492A-B353-75E67C989612}.Release|ARM64.Build.0 = Release|Any CPU
		{72277C38-87F6-492A-B353-75E67C989612}.Release|x64.ActiveCfg = Release|Any CPU
		{72277C38-87F6-492A-B353-75E67C989612}.Release|x64.Build.0 = Release|Any CPU
		{72277C38-87F6-492A-B353-75E67C989612}.Release|x86.ActiveCfg = Release|Any CPU
		{72277C38-87F6-492A-B353-75E67C989612}.Release|x86.Build.0 = Release|Any CPU
		{0A5982B9-4F2B-4733-9445-8D4B3A7C95DF}.Debug|Any CPU.ActiveCfg = Debug|Any CPU
		{0A5982B9-4F2B-4733-9445-8D4B3A7C95DF}.Debug|Any CPU.Build.0 = Debug|Any CPU
		{0A5982B9-4F2B-4733-9445-8D4B3A7C95DF}.Debug|ARM.ActiveCfg = Debug|Any CPU
		{0A5982B9-4F2B-4733-9445-8D4B3A7C95DF}.Debug|ARM.Build.0 = Debug|Any CPU
		{0A5982B9-4F2B-4733-9445-8D4B3A7C95DF}.Debug|ARM64.ActiveCfg = Debug|Any CPU
		{0A5982B9-4F2B-4733-9445-8D4B3A7C95DF}.Debug|ARM64.Build.0 = Debug|Any CPU
		{0A5982B9-4F2B-4733-9445-8D4B3A7C95DF}.Debug|x64.ActiveCfg = Debug|Any CPU
		{0A5982B9-4F2B-4733-9445-8D4B3A7C95DF}.Debug|x64.Build.0 = Debug|Any CPU
		{0A5982B9-4F2B-4733-9445-8D4B3A7C95DF}.Debug|x86.ActiveCfg = Debug|Any CPU
		{0A5982B9-4F2B-4733-9445-8D4B3A7C95DF}.Debug|x86.Build.0 = Debug|Any CPU
		{0A5982B9-4F2B-4733-9445-8D4B3A7C95DF}.Release|Any CPU.ActiveCfg = Release|Any CPU
		{0A5982B9-4F2B-4733-9445-8D4B3A7C95DF}.Release|Any CPU.Build.0 = Release|Any CPU
		{0A5982B9-4F2B-4733-9445-8D4B3A7C95DF}.Release|ARM.ActiveCfg = Release|Any CPU
		{0A5982B9-4F2B-4733-9445-8D4B3A7C95DF}.Release|ARM.Build.0 = Release|Any CPU
		{0A5982B9-4F2B-4733-9445-8D4B3A7C95DF}.Release|ARM64.ActiveCfg = Release|Any CPU
		{0A5982B9-4F2B-4733-9445-8D4B3A7C95DF}.Release|ARM64.Build.0 = Release|Any CPU
		{0A5982B9-4F2B-4733-9445-8D4B3A7C95DF}.Release|x64.ActiveCfg = Release|Any CPU
		{0A5982B9-4F2B-4733-9445-8D4B3A7C95DF}.Release|x64.Build.0 = Release|Any CPU
		{0A5982B9-4F2B-4733-9445-8D4B3A7C95DF}.Release|x86.ActiveCfg = Release|Any CPU
		{0A5982B9-4F2B-4733-9445-8D4B3A7C95DF}.Release|x86.Build.0 = Release|Any CPU
		{794C6C42-BBF8-4197-BAA1-9213EE685E25}.Debug|Any CPU.ActiveCfg = Debug|Any CPU
		{794C6C42-BBF8-4197-BAA1-9213EE685E25}.Debug|Any CPU.Build.0 = Debug|Any CPU
		{794C6C42-BBF8-4197-BAA1-9213EE685E25}.Debug|ARM.ActiveCfg = Debug|Any CPU
		{794C6C42-BBF8-4197-BAA1-9213EE685E25}.Debug|ARM.Build.0 = Debug|Any CPU
		{794C6C42-BBF8-4197-BAA1-9213EE685E25}.Debug|ARM64.ActiveCfg = Debug|Any CPU
		{794C6C42-BBF8-4197-BAA1-9213EE685E25}.Debug|ARM64.Build.0 = Debug|Any CPU
		{794C6C42-BBF8-4197-BAA1-9213EE685E25}.Debug|x64.ActiveCfg = Debug|Any CPU
		{794C6C42-BBF8-4197-BAA1-9213EE685E25}.Debug|x64.Build.0 = Debug|Any CPU
		{794C6C42-BBF8-4197-BAA1-9213EE685E25}.Debug|x86.ActiveCfg = Debug|Any CPU
		{794C6C42-BBF8-4197-BAA1-9213EE685E25}.Debug|x86.Build.0 = Debug|Any CPU
		{794C6C42-BBF8-4197-BAA1-9213EE685E25}.Release|Any CPU.ActiveCfg = Release|Any CPU
		{794C6C42-BBF8-4197-BAA1-9213EE685E25}.Release|Any CPU.Build.0 = Release|Any CPU
		{794C6C42-BBF8-4197-BAA1-9213EE685E25}.Release|ARM.ActiveCfg = Release|Any CPU
		{794C6C42-BBF8-4197-BAA1-9213EE685E25}.Release|ARM.Build.0 = Release|Any CPU
		{794C6C42-BBF8-4197-BAA1-9213EE685E25}.Release|ARM64.ActiveCfg = Release|Any CPU
		{794C6C42-BBF8-4197-BAA1-9213EE685E25}.Release|ARM64.Build.0 = Release|Any CPU
		{794C6C42-BBF8-4197-BAA1-9213EE685E25}.Release|x64.ActiveCfg = Release|Any CPU
		{794C6C42-BBF8-4197-BAA1-9213EE685E25}.Release|x64.Build.0 = Release|Any CPU
		{794C6C42-BBF8-4197-BAA1-9213EE685E25}.Release|x86.ActiveCfg = Release|Any CPU
		{794C6C42-BBF8-4197-BAA1-9213EE685E25}.Release|x86.Build.0 = Release|Any CPU
		{24250955-0A9E-4B19-B0D7-618D3BCF2B69}.Debug|Any CPU.ActiveCfg = Debug|Any CPU
		{24250955-0A9E-4B19-B0D7-618D3BCF2B69}.Debug|Any CPU.Build.0 = Debug|Any CPU
		{24250955-0A9E-4B19-B0D7-618D3BCF2B69}.Debug|ARM.ActiveCfg = Debug|Any CPU
		{24250955-0A9E-4B19-B0D7-618D3BCF2B69}.Debug|ARM.Build.0 = Debug|Any CPU
		{24250955-0A9E-4B19-B0D7-618D3BCF2B69}.Debug|ARM64.ActiveCfg = Debug|Any CPU
		{24250955-0A9E-4B19-B0D7-618D3BCF2B69}.Debug|ARM64.Build.0 = Debug|Any CPU
		{24250955-0A9E-4B19-B0D7-618D3BCF2B69}.Debug|x64.ActiveCfg = Debug|Any CPU
		{24250955-0A9E-4B19-B0D7-618D3BCF2B69}.Debug|x64.Build.0 = Debug|Any CPU
		{24250955-0A9E-4B19-B0D7-618D3BCF2B69}.Debug|x86.ActiveCfg = Debug|Any CPU
		{24250955-0A9E-4B19-B0D7-618D3BCF2B69}.Debug|x86.Build.0 = Debug|Any CPU
		{24250955-0A9E-4B19-B0D7-618D3BCF2B69}.Release|Any CPU.ActiveCfg = Release|Any CPU
		{24250955-0A9E-4B19-B0D7-618D3BCF2B69}.Release|Any CPU.Build.0 = Release|Any CPU
		{24250955-0A9E-4B19-B0D7-618D3BCF2B69}.Release|ARM.ActiveCfg = Release|Any CPU
		{24250955-0A9E-4B19-B0D7-618D3BCF2B69}.Release|ARM.Build.0 = Release|Any CPU
		{24250955-0A9E-4B19-B0D7-618D3BCF2B69}.Release|ARM64.ActiveCfg = Release|Any CPU
		{24250955-0A9E-4B19-B0D7-618D3BCF2B69}.Release|ARM64.Build.0 = Release|Any CPU
		{24250955-0A9E-4B19-B0D7-618D3BCF2B69}.Release|x64.ActiveCfg = Release|Any CPU
		{24250955-0A9E-4B19-B0D7-618D3BCF2B69}.Release|x64.Build.0 = Release|Any CPU
		{24250955-0A9E-4B19-B0D7-618D3BCF2B69}.Release|x86.ActiveCfg = Release|Any CPU
		{24250955-0A9E-4B19-B0D7-618D3BCF2B69}.Release|x86.Build.0 = Release|Any CPU
	EndGlobalSection
	GlobalSection(SolutionProperties) = preSolution
		HideSolutionNode = FALSE
	EndGlobalSection
	GlobalSection(ExtensibilityGlobals) = postSolution
		SolutionGuid = {FA1A58C4-87AE-40C3-813B-1961B8D2FB1A}
	EndGlobalSection
	GlobalSection(TeamFoundationVersionControl) = preSolution
		SccNumberOfProjects = 9
		SccEnterpriseProvider = {4CA58AB2-18FA-4F8D-95D4-32DDF27D184C}
		SccTeamFoundationServer = https://tfs.codedprojects.com/codedprojects
		SccLocalPath0 = .
		SccProjectUniqueName1 = ToDoList.Applications.ApplicationWinForms\\ToDoList.Applications.ApplicationWinForms.csproj
		SccProjectName1 = ToDoList.Applications.ApplicationWinForms
		SccLocalPath1 = ToDoList.Applications.ApplicationWinForms
		SccProjectUniqueName2 = ToDoList.Applications.Console\\ToDoList.Applications.ApplicationConsole.csproj
		SccProjectName2 = ToDoList.Applications.Console
		SccLocalPath2 = ToDoList.Applications.Console
		SccProjectUniqueName3 = ToDoList.Lib.Business\\ToDoList.Lib.Business.csproj
		SccProjectName3 = ToDoList.Lib.Business
		SccLocalPath3 = ToDoList.Lib.Business
		SccProjectUniqueName4 = ToDoList.Lib.Common\\ToDoList.Lib.Common.csproj
		SccProjectName4 = ToDoList.Lib.Common
		SccLocalPath4 = ToDoList.Lib.Common
		SccProjectUniqueName5 = ToDoList.Lib.Data\\ToDoList.Lib.Data.csproj
		SccProjectName5 = ToDoList.Lib.Data
		SccLocalPath5 = ToDoList.Lib.Data
		SccProjectUniqueName6 = ToDoList.Applications.ApplicationWebApi\\ToDoList.Applications.ApplicationWebApi.csproj
		SccProjectName6 = ToDoList.Applications.ApplicationWebApi
		SccLocalPath6 = ToDoList.Applications.ApplicationWebApi
		SccProjectUniqueName7 = ToDoList.Applications.ApplicationWeb\\ToDoList.Applications.ApplicationWeb.csproj
		SccProjectName7 = ToDoList.Applications.ApplicationWeb
		SccLocalPath7 = ToDoList.Applications.ApplicationWeb
		SccProjectUniqueName8 = ToDoList.Lib.Unity\\ToDoList.Lib.Common.IoC.Unity.csproj
		SccProjectName8 = ToDoList.Lib.Unity
		SccLocalPath8 = ToDoList.Lib.Unity
	EndGlobalSection
EndGlobal
